// !$*UTF8*$!
{
	archiveVersion = 1;
	classes = {
	};
	objectVersion = 50;
	objects = {

/* Begin PBXBuildFile section */
		19006D31236FD98700CEC6E1 /* Add.storyboard in Resources */ = {isa = PBXBuildFile; fileRef = 19006D2F236FD98700CEC6E1 /* Add.storyboard */; };
		19006D36236FDA6F00CEC6E1 /* Statics.storyboard in Resources */ = {isa = PBXBuildFile; fileRef = 19006D34236FDA6F00CEC6E1 /* Statics.storyboard */; };
		19006D38236FDAAB00CEC6E1 /* Profile.storyboard in Resources */ = {isa = PBXBuildFile; fileRef = 19006D37236FDAAB00CEC6E1 /* Profile.storyboard */; };
		19354CC3236EB2520017991F /* AppDelegate.swift in Sources */ = {isa = PBXBuildFile; fileRef = 19354CC2236EB2520017991F /* AppDelegate.swift */; };
		19354CC5236EB2520017991F /* ViewController.swift in Sources */ = {isa = PBXBuildFile; fileRef = 19354CC4236EB2520017991F /* ViewController.swift */; };
		19354CC8236EB2520017991F /* Main.storyboard in Resources */ = {isa = PBXBuildFile; fileRef = 19354CC6236EB2520017991F /* Main.storyboard */; };
		19354CCD236EB2550017991F /* LaunchScreen.storyboard in Resources */ = {isa = PBXBuildFile; fileRef = 19354CCB236EB2550017991F /* LaunchScreen.storyboard */; };
		19354CD6236EBAD10017991F /* ViewController.swift in Sources */ = {isa = PBXBuildFile; fileRef = 19354CC4236EB2520017991F /* ViewController.swift */; };
		19354CD7236EBAD10017991F /* AppDelegate.swift in Sources */ = {isa = PBXBuildFile; fileRef = 19354CC2236EB2520017991F /* AppDelegate.swift */; };
		19354CDA236EBAD10017991F /* LaunchScreen.storyboard in Resources */ = {isa = PBXBuildFile; fileRef = 19354CCB236EB2550017991F /* LaunchScreen.storyboard */; };
		19354CDC236EBAD10017991F /* Main.storyboard in Resources */ = {isa = PBXBuildFile; fileRef = 19354CC6236EB2520017991F /* Main.storyboard */; };
		19354CE4236EBBAA0017991F /* MapKit.framework in Frameworks */ = {isa = PBXBuildFile; fileRef = 19354CE3236EBBAA0017991F /* MapKit.framework */; };
		19742008236FB2DC00FF41BD /* Assets.xcassets in Resources */ = {isa = PBXBuildFile; fileRef = 19742007236FB2DC00FF41BD /* Assets.xcassets */; };
		19742009236FB2DC00FF41BD /* Assets.xcassets in Resources */ = {isa = PBXBuildFile; fileRef = 19742007236FB2DC00FF41BD /* Assets.xcassets */; };
		19742029236FCF0800FF41BD /* Transactions.storyboard in Resources */ = {isa = PBXBuildFile; fileRef = 19742028236FCF0800FF41BD /* Transactions.storyboard */; };
		1974202C236FD02900FF41BD /* Budget.storyboard in Resources */ = {isa = PBXBuildFile; fileRef = 1974202B236FD02900FF41BD /* Budget.storyboard */; };
/* End PBXBuildFile section */

/* Begin PBXFileReference section */
		19006D30236FD98700CEC6E1 /* Base */ = {isa = PBXFileReference; lastKnownFileType = file.storyboard; name = Base; path = finanx/Application/Main/Main/Base.lproj/Add.storyboard; sourceTree = "<group>"; };
		19006D35236FDA6F00CEC6E1 /* Base */ = {isa = PBXFileReference; lastKnownFileType = file.storyboard; name = Base; path = finanx/Application/Main/Main/Base.lproj/Statics.storyboard; sourceTree = "<group>"; };
		19006D37236FDAAB00CEC6E1 /* Profile.storyboard */ = {isa = PBXFileReference; fileEncoding = 4; lastKnownFileType = file.storyboard; name = Profile.storyboard; path = ../../../../Profile.storyboard; sourceTree = "<group>"; };
		19354CBF236EB2520017991F /* finanx.app */ = {isa = PBXFileReference; explicitFileType = wrapper.application; includeInIndex = 0; path = finanx.app; sourceTree = BUILT_PRODUCTS_DIR; };
		19354CC2236EB2520017991F /* AppDelegate.swift */ = {isa = PBXFileReference; lastKnownFileType = sourcecode.swift; path = AppDelegate.swift; sourceTree = "<group>"; };
		19354CC4236EB2520017991F /* ViewController.swift */ = {isa = PBXFileReference; lastKnownFileType = sourcecode.swift; path = ViewController.swift; sourceTree = "<group>"; };
		19354CC7236EB2520017991F /* Base */ = {isa = PBXFileReference; lastKnownFileType = file.storyboard; name = Base; path = Base.lproj/Main.storyboard; sourceTree = "<group>"; };
		19354CCC236EB2550017991F /* Base */ = {isa = PBXFileReference; lastKnownFileType = file.storyboard; name = Base; path = Base.lproj/LaunchScreen.storyboard; sourceTree = "<group>"; };
		19354CCE236EB2550017991F /* Info.plist */ = {isa = PBXFileReference; lastKnownFileType = text.plist.xml; path = Info.plist; sourceTree = "<group>"; };
		19354CE0236EBAD10017991F /* Production.app */ = {isa = PBXFileReference; explicitFileType = wrapper.application; includeInIndex = 0; path = Production.app; sourceTree = BUILT_PRODUCTS_DIR; };
		19354CE1236EBAD10017991F /* production.plist */ = {isa = PBXFileReference; lastKnownFileType = text.plist.xml; name = production.plist; path = /Users/Rafaell416/Documents/CODE/IOS/finanx/production.plist; sourceTree = "<absolute>"; };
		19354CE3236EBBAA0017991F /* MapKit.framework */ = {isa = PBXFileReference; lastKnownFileType = wrapper.framework; name = MapKit.framework; path = System/Library/Frameworks/MapKit.framework; sourceTree = SDKROOT; };
		19742007236FB2DC00FF41BD /* Assets.xcassets */ = {isa = PBXFileReference; lastKnownFileType = folder.assetcatalog; path = Assets.xcassets; sourceTree = "<group>"; };
		19742028236FCF0800FF41BD /* Transactions.storyboard */ = {isa = PBXFileReference; fileEncoding = 4; lastKnownFileType = file.storyboard; path = Transactions.storyboard; sourceTree = "<group>"; };
		1974202B236FD02900FF41BD /* Budget.storyboard */ = {isa = PBXFileReference; fileEncoding = 4; lastKnownFileType = file.storyboard; path = Budget.storyboard; sourceTree = "<group>"; };
/* End PBXFileReference section */

/* Begin PBXFrameworksBuildPhase section */
		19354CBC236EB2520017991F /* Frameworks */ = {
			isa = PBXFrameworksBuildPhase;
			buildActionMask = 2147483647;
			files = (
				19354CE4236EBBAA0017991F /* MapKit.framework in Frameworks */,
			);
			runOnlyForDeploymentPostprocessing = 0;
		};
		19354CD8236EBAD10017991F /* Frameworks */ = {
			isa = PBXFrameworksBuildPhase;
			buildActionMask = 2147483647;
			files = (
			);
			runOnlyForDeploymentPostprocessing = 0;
		};
/* End PBXFrameworksBuildPhase section */

/* Begin PBXGroup section */
		19006D2E236FD6A100CEC6E1 /* Add */ = {
			isa = PBXGroup;
			children = (
				19006D2F236FD98700CEC6E1 /* Add.storyboard */,
			);
			path = Add;
			sourceTree = "<group>";
		};
		19354CB6236EB2520017991F = {
			isa = PBXGroup;
			children = (
				19354CC1236EB2520017991F /* finanx */,
				19354CC0236EB2520017991F /* Products */,
				19354CE2236EBBAA0017991F /* Frameworks */,
			);
			sourceTree = "<group>";
		};
		19354CC0236EB2520017991F /* Products */ = {
			isa = PBXGroup;
			children = (
				19354CBF236EB2520017991F /* finanx.app */,
				19354CE0236EBAD10017991F /* Production.app */,
			);
			name = Products;
			sourceTree = "<group>";
		};
		19354CC1236EB2520017991F /* finanx */ = {
			isa = PBXGroup;
			children = (
				19354CE7236F67700017991F /* Resources */,
				19354CE6236F67240017991F /* Base */,
				19354CE5236F67100017991F /* Application */,
			);
			path = finanx;
			sourceTree = "<group>";
		};
		19354CE2236EBBAA0017991F /* Frameworks */ = {
			isa = PBXGroup;
			children = (
				19354CE3236EBBAA0017991F /* MapKit.framework */,
			);
			name = Frameworks;
			sourceTree = "<group>";
		};
		19354CE5236F67100017991F /* Application */ = {
			isa = PBXGroup;
			children = (
				19354CEA236F67CF0017991F /* Main */,
				19354CE9236F67BF0017991F /* Authentication */,
			);
			path = Application;
			sourceTree = "<group>";
		};
		19354CE6236F67240017991F /* Base */ = {
			isa = PBXGroup;
			children = (
				19354CC2236EB2520017991F /* AppDelegate.swift */,
				19354CCE236EB2550017991F /* Info.plist */,
				19354CE1236EBAD10017991F /* production.plist */,
				19354CCB236EB2550017991F /* LaunchScreen.storyboard */,
			);
			path = Base;
			sourceTree = "<group>";
		};
		19354CE7236F67700017991F /* Resources */ = {
			isa = PBXGroup;
			children = (
				19354CE8236F679B0017991F /* Images */,
			);
			path = Resources;
			sourceTree = "<group>";
		};
		19354CE8236F679B0017991F /* Images */ = {
			isa = PBXGroup;
			children = (
				19742007236FB2DC00FF41BD /* Assets.xcassets */,
			);
			path = Images;
			sourceTree = "<group>";
		};
		19354CE9236F67BF0017991F /* Authentication */ = {
			isa = PBXGroup;
			children = (
				19354CEC236F67EA0017991F /* Sign In */,
				19354CEB236F67DC0017991F /* Onboarding */,
			);
			path = Authentication;
			sourceTree = "<group>";
		};
		19354CEA236F67CF0017991F /* Main */ = {
			isa = PBXGroup;
			children = (
				19354CEF236F680F0017991F /* Main */,
				19354CEE236F67FF0017991F /* Transactions */,
				19742033236FD0F800FF41BD /* Budget */,
				19006D2E236FD6A100CEC6E1 /* Add */,
				19742035236FD11700FF41BD /* Statics */,
				19742039236FD48700FF41BD /* Profile */,
			);
			path = Main;
			sourceTree = "<group>";
		};
		19354CEB236F67DC0017991F /* Onboarding */ = {
			isa = PBXGroup;
			children = (
			);
			path = Onboarding;
			sourceTree = "<group>";
		};
		19354CEC236F67EA0017991F /* Sign In */ = {
			isa = PBXGroup;
			children = (
			);
			path = "Sign In";
			sourceTree = "<group>";
		};
		19354CEE236F67FF0017991F /* Transactions */ = {
			isa = PBXGroup;
			children = (
				19742028236FCF0800FF41BD /* Transactions.storyboard */,
			);
			path = Transactions;
			sourceTree = "<group>";
		};
		19354CEF236F680F0017991F /* Main */ = {
			isa = PBXGroup;
			children = (
				19354CC4236EB2520017991F /* ViewController.swift */,
				19354CC6236EB2520017991F /* Main.storyboard */,
			);
			path = Main;
			sourceTree = "<group>";
		};
		19742033236FD0F800FF41BD /* Budget */ = {
			isa = PBXGroup;
			children = (
				1974202B236FD02900FF41BD /* Budget.storyboard */,
			);
			path = Budget;
			sourceTree = "<group>";
		};
		19742035236FD11700FF41BD /* Statics */ = {
			isa = PBXGroup;
			children = (
				19006D34236FDA6F00CEC6E1 /* Statics.storyboard */,
			);
			path = Statics;
			sourceTree = "<group>";
		};
		19742039236FD48700FF41BD /* Profile */ = {
			isa = PBXGroup;
			children = (
				19006D37236FDAAB00CEC6E1 /* Profile.storyboard */,
			);
			path = Profile;
			sourceTree = "<group>";
		};
/* End PBXGroup section */

/* Begin PBXNativeTarget section */
		19354CBE236EB2520017991F /* finanx */ = {
			isa = PBXNativeTarget;
			buildConfigurationList = 19354CD1236EB2550017991F /* Build configuration list for PBXNativeTarget "finanx" */;
			buildPhases = (
				19354CBB236EB2520017991F /* Sources */,
				19354CBC236EB2520017991F /* Frameworks */,
				19354CBD236EB2520017991F /* Resources */,
			);
			buildRules = (
			);
			dependencies = (
			);
			name = finanx;
			productName = finanx;
			productReference = 19354CBF236EB2520017991F /* finanx.app */;
			productType = "com.apple.product-type.application";
		};
		19354CD4236EBAD10017991F /* Production */ = {
			isa = PBXNativeTarget;
			buildConfigurationList = 19354CDD236EBAD10017991F /* Build configuration list for PBXNativeTarget "Production" */;
			buildPhases = (
				19354CD5236EBAD10017991F /* Sources */,
				19354CD8236EBAD10017991F /* Frameworks */,
				19354CD9236EBAD10017991F /* Resources */,
			);
			buildRules = (
			);
			dependencies = (
			);
			name = Production;
			productName = finanx;
			productReference = 19354CE0236EBAD10017991F /* Production.app */;
			productType = "com.apple.product-type.application";
		};
/* End PBXNativeTarget section */

/* Begin PBXProject section */
		19354CB7236EB2520017991F /* Project object */ = {
			isa = PBXProject;
			attributes = {
				LastSwiftUpdateCheck = 1020;
				LastUpgradeCheck = 1020;
				ORGANIZATIONNAME = "Rafael Villarreal";
				TargetAttributes = {
					19354CBE236EB2520017991F = {
						CreatedOnToolsVersion = 10.2.1;
						SystemCapabilities = {
							com.apple.Maps.iOS = {
								enabled = 1;
							};
						};
					};
				};
			};
			buildConfigurationList = 19354CBA236EB2520017991F /* Build configuration list for PBXProject "finanx" */;
			compatibilityVersion = "Xcode 9.3";
			developmentRegion = en;
			hasScannedForEncodings = 0;
			knownRegions = (
				en,
				Base,
			);
			mainGroup = 19354CB6236EB2520017991F;
			productRefGroup = 19354CC0236EB2520017991F /* Products */;
			projectDirPath = "";
			projectRoot = "";
			targets = (
				19354CBE236EB2520017991F /* finanx */,
				19354CD4236EBAD10017991F /* Production */,
			);
		};
/* End PBXProject section */

/* Begin PBXResourcesBuildPhase section */
		19354CBD236EB2520017991F /* Resources */ = {
			isa = PBXResourcesBuildPhase;
			buildActionMask = 2147483647;
			files = (
				1974202C236FD02900FF41BD /* Budget.storyboard in Resources */,
				19006D36236FDA6F00CEC6E1 /* Statics.storyboard in Resources */,
				19006D38236FDAAB00CEC6E1 /* Profile.storyboard in Resources */,
				19354CCD236EB2550017991F /* LaunchScreen.storyboard in Resources */,
				19742008236FB2DC00FF41BD /* Assets.xcassets in Resources */,
				19354CC8236EB2520017991F /* Main.storyboard in Resources */,
				19006D31236FD98700CEC6E1 /* Add.storyboard in Resources */,
				19742029236FCF0800FF41BD /* Transactions.storyboard in Resources */,
			);
			runOnlyForDeploymentPostprocessing = 0;
		};
		19354CD9236EBAD10017991F /* Resources */ = {
			isa = PBXResourcesBuildPhase;
			buildActionMask = 2147483647;
			files = (
				19354CDA236EBAD10017991F /* LaunchScreen.storyboard in Resources */,
				19742009236FB2DC00FF41BD /* Assets.xcassets in Resources */,
				19354CDC236EBAD10017991F /* Main.storyboard in Resources */,
			);
			runOnlyForDeploymentPostprocessing = 0;
		};
/* End PBXResourcesBuildPhase section */

/* Begin PBXSourcesBuildPhase section */
		19354CBB236EB2520017991F /* Sources */ = {
			isa = PBXSourcesBuildPhase;
			buildActionMask = 2147483647;
			files = (
				19354CC5236EB2520017991F /* ViewController.swift in Sources */,
				19354CC3236EB2520017991F /* AppDelegate.swift in Sources */,
			);
			runOnlyForDeploymentPostprocessing = 0;
		};
		19354CD5236EBAD10017991F /* Sources */ = {
			isa = PBXSourcesBuildPhase;
			buildActionMask = 2147483647;
			files = (
				19354CD6236EBAD10017991F /* ViewController.swift in Sources */,
				19354CD7236EBAD10017991F /* AppDelegate.swift in Sources */,
			);
			runOnlyForDeploymentPostprocessing = 0;
		};
/* End PBXSourcesBuildPhase section */

/* Begin PBXVariantGroup section */
		19006D2F236FD98700CEC6E1 /* Add.storyboard */ = {
			isa = PBXVariantGroup;
			children = (
				19006D30236FD98700CEC6E1 /* Base */,
			);
			name = Add.storyboard;
			sourceTree = "<group>";
		};
		19006D34236FDA6F00CEC6E1 /* Statics.storyboard */ = {
			isa = PBXVariantGroup;
			children = (
				19006D35236FDA6F00CEC6E1 /* Base */,
			);
			name = Statics.storyboard;
			sourceTree = "<group>";
		};
		19354CC6236EB2520017991F /* Main.storyboard */ = {
			isa = PBXVariantGroup;
			children = (
				19354CC7236EB2520017991F /* Base */,
			);
			name = Main.storyboard;
			sourceTree = "<group>";
		};
		19354CCB236EB2550017991F /* LaunchScreen.storyboard */ = {
			isa = PBXVariantGroup;
			children = (
				19354CCC236EB2550017991F /* Base */,
			);
			name = LaunchScreen.storyboard;
			sourceTree = "<group>";
		};
/* End PBXVariantGroup section */

/* Begin XCBuildConfiguration section */
		19354CCF236EB2550017991F /* Debug */ = {
			isa = XCBuildConfiguration;
			buildSettings = {
				ALWAYS_SEARCH_USER_PATHS = NO;
				CLANG_ANALYZER_NONNULL = YES;
				CLANG_ANALYZER_NUMBER_OBJECT_CONVERSION = YES_AGGRESSIVE;
				CLANG_CXX_LANGUAGE_STANDARD = "gnu++14";
				CLANG_CXX_LIBRARY = "libc++";
				CLANG_ENABLE_MODULES = YES;
				CLANG_ENABLE_OBJC_ARC = YES;
				CLANG_ENABLE_OBJC_WEAK = YES;
				CLANG_WARN_BLOCK_CAPTURE_AUTORELEASING = YES;
				CLANG_WARN_BOOL_CONVERSION = YES;
				CLANG_WARN_COMMA = YES;
				CLANG_WARN_CONSTANT_CONVERSION = YES;
				CLANG_WARN_DEPRECATED_OBJC_IMPLEMENTATIONS = YES;
				CLANG_WARN_DIRECT_OBJC_ISA_USAGE = YES_ERROR;
				CLANG_WARN_DOCUMENTATION_COMMENTS = YES;
				CLANG_WARN_EMPTY_BODY = YES;
				CLANG_WARN_ENUM_CONVERSION = YES;
				CLANG_WARN_INFINITE_RECURSION = YES;
				CLANG_WARN_INT_CONVERSION = YES;
				CLANG_WARN_NON_LITERAL_NULL_CONVERSION = YES;
				CLANG_WARN_OBJC_IMPLICIT_RETAIN_SELF = YES;
				CLANG_WARN_OBJC_LITERAL_CONVERSION = YES;
				CLANG_WARN_OBJC_ROOT_CLASS = YES_ERROR;
				CLANG_WARN_RANGE_LOOP_ANALYSIS = YES;
				CLANG_WARN_STRICT_PROTOTYPES = YES;
				CLANG_WARN_SUSPICIOUS_MOVE = YES;
				CLANG_WARN_UNGUARDED_AVAILABILITY = YES_AGGRESSIVE;
				CLANG_WARN_UNREACHABLE_CODE = YES;
				CLANG_WARN__DUPLICATE_METHOD_MATCH = YES;
				CODE_SIGN_IDENTITY = "iPhone Developer";
				COPY_PHASE_STRIP = NO;
				DEBUG_INFORMATION_FORMAT = dwarf;
				ENABLE_STRICT_OBJC_MSGSEND = YES;
				ENABLE_TESTABILITY = YES;
				GCC_C_LANGUAGE_STANDARD = gnu11;
				GCC_DYNAMIC_NO_PIC = NO;
				GCC_NO_COMMON_BLOCKS = YES;
				GCC_OPTIMIZATION_LEVEL = 0;
				GCC_PREPROCESSOR_DEFINITIONS = (
					"DEBUG=1",
					"$(inherited)",
				);
				GCC_WARN_64_TO_32_BIT_CONVERSION = YES;
				GCC_WARN_ABOUT_RETURN_TYPE = YES_ERROR;
				GCC_WARN_UNDECLARED_SELECTOR = YES;
				GCC_WARN_UNINITIALIZED_AUTOS = YES_AGGRESSIVE;
				GCC_WARN_UNUSED_FUNCTION = YES;
				GCC_WARN_UNUSED_VARIABLE = YES;
				IPHONEOS_DEPLOYMENT_TARGET = 12.2;
				MTL_ENABLE_DEBUG_INFO = INCLUDE_SOURCE;
				MTL_FAST_MATH = YES;
				ONLY_ACTIVE_ARCH = YES;
				SDKROOT = iphoneos;
				SWIFT_ACTIVE_COMPILATION_CONDITIONS = DEBUG;
				SWIFT_OPTIMIZATION_LEVEL = "-Onone";
			};
			name = Debug;
		};
		19354CD0236EB2550017991F /* Release */ = {
			isa = XCBuildConfiguration;
			buildSettings = {
				ALWAYS_SEARCH_USER_PATHS = NO;
				CLANG_ANALYZER_NONNULL = YES;
				CLANG_ANALYZER_NUMBER_OBJECT_CONVERSION = YES_AGGRESSIVE;
				CLANG_CXX_LANGUAGE_STANDARD = "gnu++14";
				CLANG_CXX_LIBRARY = "libc++";
				CLANG_ENABLE_MODULES = YES;
				CLANG_ENABLE_OBJC_ARC = YES;
				CLANG_ENABLE_OBJC_WEAK = YES;
				CLANG_WARN_BLOCK_CAPTURE_AUTORELEASING = YES;
				CLANG_WARN_BOOL_CONVERSION = YES;
				CLANG_WARN_COMMA = YES;
				CLANG_WARN_CONSTANT_CONVERSION = YES;
				CLANG_WARN_DEPRECATED_OBJC_IMPLEMENTATIONS = YES;
				CLANG_WARN_DIRECT_OBJC_ISA_USAGE = YES_ERROR;
				CLANG_WARN_DOCUMENTATION_COMMENTS = YES;
				CLANG_WARN_EMPTY_BODY = YES;
				CLANG_WARN_ENUM_CONVERSION = YES;
				CLANG_WARN_INFINITE_RECURSION = YES;
				CLANG_WARN_INT_CONVERSION = YES;
				CLANG_WARN_NON_LITERAL_NULL_CONVERSION = YES;
				CLANG_WARN_OBJC_IMPLICIT_RETAIN_SELF = YES;
				CLANG_WARN_OBJC_LITERAL_CONVERSION = YES;
				CLANG_WARN_OBJC_ROOT_CLASS = YES_ERROR;
				CLANG_WARN_RANGE_LOOP_ANALYSIS = YES;
				CLANG_WARN_STRICT_PROTOTYPES = YES;
				CLANG_WARN_SUSPICIOUS_MOVE = YES;
				CLANG_WARN_UNGUARDED_AVAILABILITY = YES_AGGRESSIVE;
				CLANG_WARN_UNREACHABLE_CODE = YES;
				CLANG_WARN__DUPLICATE_METHOD_MATCH = YES;
				CODE_SIGN_IDENTITY = "iPhone Developer";
				COPY_PHASE_STRIP = NO;
				DEBUG_INFORMATION_FORMAT = "dwarf-with-dsym";
				ENABLE_NS_ASSERTIONS = NO;
				ENABLE_STRICT_OBJC_MSGSEND = YES;
				GCC_C_LANGUAGE_STANDARD = gnu11;
				GCC_NO_COMMON_BLOCKS = YES;
				GCC_WARN_64_TO_32_BIT_CONVERSION = YES;
				GCC_WARN_ABOUT_RETURN_TYPE = YES_ERROR;
				GCC_WARN_UNDECLARED_SELECTOR = YES;
				GCC_WARN_UNINITIALIZED_AUTOS = YES_AGGRESSIVE;
				GCC_WARN_UNUSED_FUNCTION = YES;
				GCC_WARN_UNUSED_VARIABLE = YES;
				IPHONEOS_DEPLOYMENT_TARGET = 12.2;
				MTL_ENABLE_DEBUG_INFO = NO;
				MTL_FAST_MATH = YES;
				SDKROOT = iphoneos;
				SWIFT_COMPILATION_MODE = wholemodule;
				SWIFT_OPTIMIZATION_LEVEL = "-O";
				VALIDATE_PRODUCT = YES;
			};
			name = Release;
		};
		19354CD2236EB2550017991F /* Debug */ = {
			isa = XCBuildConfiguration;
			buildSettings = {
				ASSETCATALOG_COMPILER_APPICON_NAME = AppIcon;
				CODE_SIGN_STYLE = Automatic;
				DEVELOPMENT_TEAM = QT54HG2RDT;
				INFOPLIST_FILE = "$(SRCROOT)/finanx/Base/Info.plist";
				IPHONEOS_DEPLOYMENT_TARGET = 11.0;
				LD_RUNPATH_SEARCH_PATHS = (
					"$(inherited)",
					"@executable_path/Frameworks",
				);
				PRODUCT_BUNDLE_IDENTIFIER = com.rafaelvillarreal.finanx;
				PRODUCT_NAME = "$(TARGET_NAME)";
				SWIFT_VERSION = 5.0;
				TARGETED_DEVICE_FAMILY = 1;
			};
			name = Debug;
		};
		19354CD3236EB2550017991F /* Release */ = {
			isa = XCBuildConfiguration;
			buildSettings = {
				ASSETCATALOG_COMPILER_APPICON_NAME = AppIcon;
				CODE_SIGN_STYLE = Automatic;
				DEVELOPMENT_TEAM = QT54HG2RDT;
				INFOPLIST_FILE = "$(SRCROOT)/finanx/Base/Info.plist";
				IPHONEOS_DEPLOYMENT_TARGET = 11.0;
				LD_RUNPATH_SEARCH_PATHS = (
					"$(inherited)",
					"@executable_path/Frameworks",
				);
				PRODUCT_BUNDLE_IDENTIFIER = com.rafaelvillarreal.finanx;
				PRODUCT_NAME = "$(TARGET_NAME)";
				SWIFT_VERSION = 5.0;
				TARGETED_DEVICE_FAMILY = 1;
			};
			name = Release;
		};
		19354CDE236EBAD10017991F /* Debug */ = {
			isa = XCBuildConfiguration;
			buildSettings = {
				ASSETCATALOG_COMPILER_APPICON_NAME = AppIcon;
				CODE_SIGN_STYLE = Automatic;
				DEVELOPMENT_TEAM = QT54HG2RDT;
				INFOPLIST_FILE = "$(SRCROOT)/production.plist";
				IPHONEOS_DEPLOYMENT_TARGET = 11.0;
				LD_RUNPATH_SEARCH_PATHS = (
					"$(inherited)",
					"@executable_path/Frameworks",
				);
				PRODUCT_BUNDLE_IDENTIFIER = com.rafaelvillarreal.finanx;
				PRODUCT_NAME = "$(TARGET_NAME)";
				SWIFT_VERSION = 5.0;
				TARGETED_DEVICE_FAMILY = 1;
			};
			name = Debug;
		};
		19354CDF236EBAD10017991F /* Release */ = {
			isa = XCBuildConfiguration;
			buildSettings = {
				ASSETCATALOG_COMPILER_APPICON_NAME = AppIcon;
				CODE_SIGN_STYLE = Automatic;
				DEVELOPMENT_TEAM = QT54HG2RDT;
				INFOPLIST_FILE = "$(SRCROOT)/production.plist";
				IPHONEOS_DEPLOYMENT_TARGET = 11.0;
				LD_RUNPATH_SEARCH_PATHS = (
					"$(inherited)",
					"@executable_path/Frameworks",
				);
				PRODUCT_BUNDLE_IDENTIFIER = com.rafaelvillarreal.finanx;
				PRODUCT_NAME = "$(TARGET_NAME)";
				SWIFT_VERSION = 5.0;
				TARGETED_DEVICE_FAMILY = 1;
			};
			name = Release;
		};
/* End XCBuildConfiguration section */

/* Begin XCConfigurationList section */
		19354CBA236EB2520017991F /* Build configuration list for PBXProject "finanx" */ = {
			isa = XCConfigurationList;
			buildConfigurations = (
				19354CCF236EB2550017991F /* Debug */,
				19354CD0236EB2550017991F /* Release */,
			);
			defaultConfigurationIsVisible = 0;
			defaultConfigurationName = Release;
		};
		19354CD1236EB2550017991F /* Build configuration list for PBXNativeTarget "finanx" */ = {
			isa = XCConfigurationList;
			buildConfigurations = (
				19354CD2236EB2550017991F /* Debug */,
				19354CD3236EB2550017991F /* Release */,
			);
			defaultConfigurationIsVisible = 0;
			defaultConfigurationName = Release;
		};
		19354CDD236EBAD10017991F /* Build configuration list for PBXNativeTarget "Production" */ = {
			isa = XCConfigurationList;
			buildConfigurations = (
				19354CDE236EBAD10017991F /* Debug */,
				19354CDF236EBAD10017991F /* Release */,
			);
			defaultConfigurationIsVisible = 0;
			defaultConfigurationName = Release;
		};
/* End XCConfigurationList section */
	};
	rootObject = 19354CB7236EB2520017991F /* Project object */;
}
